
Microsoft Visual Studio Solution File, Format Version 12.00
# Visual Studio Version 17
VisualStudioVersion = 17.2.32630.192
MinimumVisualStudioVersion = 10.0.40219.1
Project("{E24C65DC-7377-472B-9ABA-BC803B73C61A}") = "stajWebSitesiKodlari18", "http://localhost:56336", "{F5DD4A91-C3B5-4CED-B27C-ACAB43860926}"
	ProjectSection(WebsiteProperties) = preProject
		UseIISExpress = "true"
		TargetFrameworkMoniker = ".NETFramework,Version%3Dv4.8"
		Debug.AspNetCompiler.VirtualPath = "/localhost_56336"
		Debug.AspNetCompiler.PhysicalPath = "..\..\..\OneDrive\Belgeler\My Web Sites\stajWebSitesiKodlari18\"
		Debug.AspNetCompiler.TargetPath = "PrecompiledWeb\localhost_56336\"
		Debug.AspNetCompiler.Updateable = "true"
		Debug.AspNetCompiler.ForceOverwrite = "true"
		Debug.AspNetCompiler.FixedNames = "false"
		Debug.AspNetCompiler.Debug = "True"
		Release.AspNetCompiler.VirtualPath = "/localhost_56336"
		Release.AspNetCompiler.PhysicalPath = "..\..\..\OneDrive\Belgeler\My Web Sites\stajWebSitesiKodlari18\"
		Release.AspNetCompiler.TargetPath = "PrecompiledWeb\localhost_56336\"
		Release.AspNetCompiler.Updateable = "true"
		Release.AspNetCompiler.ForceOverwrite = "true"
		Release.AspNetCompiler.FixedNames = "false"
		Release.AspNetCompiler.Debug = "False"
		SlnRelativePath = "..\..\..\OneDrive\Belgeler\My Web Sites\stajWebSitesiKodlari18\"
	EndProjectSection
EndProject
Global
	GlobalSection(SolutionConfigurationPlatforms) = preSolution
		Debug|Any CPU = Debug|Any CPU
	EndGlobalSection
	GlobalSection(ProjectConfigurationPlatforms) = postSolution
		{F5DD4A91-C3B5-4CED-B27C-ACAB43860926}.Debug|Any CPU.ActiveCfg = Debug|Any CPU
		{F5DD4A91-C3B5-4CED-B27C-ACAB43860926}.Debug|Any CPU.Build.0 = Debug|Any CPU
	EndGlobalSection
	GlobalSection(SolutionProperties) = preSolution
		HideSolutionNode = FALSE
	EndGlobalSection
	GlobalSection(ExtensibilityGlobals) = postSolution
		SolutionGuid = {CC7C27C7-FB9F-4E2F-9F56-CAAC6BEA827C}
	EndGlobalSection
EndGlobal
