
Microsoft Visual Studio Solution File, Format Version 12.00
# Visual Studio Version 17
VisualStudioVersion = 17.2.32630.192
MinimumVisualStudioVersion = 10.0.40219.1
Project("{E24C65DC-7377-472B-9ABA-BC803B73C61A}") = "stajWebSitesiKodlari9", "http://localhost:53638", "{36FA2566-85B3-4D57-84EC-20466AB25594}"
	ProjectSection(WebsiteProperties) = preProject
		UseIISExpress = "true"
		TargetFrameworkMoniker = ".NETFramework,Version%3Dv4.8"
		Debug.AspNetCompiler.VirtualPath = "/localhost_53638"
		Debug.AspNetCompiler.PhysicalPath = "..\..\..\OneDrive\Belgeler\My Web Sites\stajWebSitesiKodlari9\"
		Debug.AspNetCompiler.TargetPath = "PrecompiledWeb\localhost_53638\"
		Debug.AspNetCompiler.Updateable = "true"
		Debug.AspNetCompiler.ForceOverwrite = "true"
		Debug.AspNetCompiler.FixedNames = "false"
		Debug.AspNetCompiler.Debug = "True"
		Release.AspNetCompiler.VirtualPath = "/localhost_53638"
		Release.AspNetCompiler.PhysicalPath = "..\..\..\OneDrive\Belgeler\My Web Sites\stajWebSitesiKodlari9\"
		Release.AspNetCompiler.TargetPath = "PrecompiledWeb\localhost_53638\"
		Release.AspNetCompiler.Updateable = "true"
		Release.AspNetCompiler.ForceOverwrite = "true"
		Release.AspNetCompiler.FixedNames = "false"
		Release.AspNetCompiler.Debug = "False"
		SlnRelativePath = "..\..\..\OneDrive\Belgeler\My Web Sites\stajWebSitesiKodlari9\"
	EndProjectSection
EndProject
Global
	GlobalSection(SolutionConfigurationPlatforms) = preSolution
		Debug|Any CPU = Debug|Any CPU
	EndGlobalSection
	GlobalSection(ProjectConfigurationPlatforms) = postSolution
		{36FA2566-85B3-4D57-84EC-20466AB25594}.Debug|Any CPU.ActiveCfg = Debug|Any CPU
		{36FA2566-85B3-4D57-84EC-20466AB25594}.Debug|Any CPU.Build.0 = Debug|Any CPU
	EndGlobalSection
	GlobalSection(SolutionProperties) = preSolution
		HideSolutionNode = FALSE
	EndGlobalSection
	GlobalSection(ExtensibilityGlobals) = postSolution
		SolutionGuid = {8FFD10F1-302B-400D-97B0-23CC0295F290}
	EndGlobalSection
EndGlobal
