
Microsoft Visual Studio Solution File, Format Version 12.00
# Visual Studio Version 17
VisualStudioVersion = 17.2.32630.192
MinimumVisualStudioVersion = 10.0.40219.1
Project("{E24C65DC-7377-472B-9ABA-BC803B73C61A}") = "stajWebSitesiKodlari2", "http://localhost:50399", "{102569BA-5448-423E-B223-F0B5EBFB8808}"
	ProjectSection(WebsiteProperties) = preProject
		UseIISExpress = "true"
		TargetFrameworkMoniker = ".NETFramework,Version%3Dv4.8"
		Debug.AspNetCompiler.VirtualPath = "/localhost_50399"
		Debug.AspNetCompiler.PhysicalPath = "..\..\..\OneDrive\Belgeler\My Web Sites\stajWebSitesiKodlari2\"
		Debug.AspNetCompiler.TargetPath = "PrecompiledWeb\localhost_50399\"
		Debug.AspNetCompiler.Updateable = "true"
		Debug.AspNetCompiler.ForceOverwrite = "true"
		Debug.AspNetCompiler.FixedNames = "false"
		Debug.AspNetCompiler.Debug = "True"
		Release.AspNetCompiler.VirtualPath = "/localhost_50399"
		Release.AspNetCompiler.PhysicalPath = "..\..\..\OneDrive\Belgeler\My Web Sites\stajWebSitesiKodlari2\"
		Release.AspNetCompiler.TargetPath = "PrecompiledWeb\localhost_50399\"
		Release.AspNetCompiler.Updateable = "true"
		Release.AspNetCompiler.ForceOverwrite = "true"
		Release.AspNetCompiler.FixedNames = "false"
		Release.AspNetCompiler.Debug = "False"
		SlnRelativePath = "..\..\..\OneDrive\Belgeler\My Web Sites\stajWebSitesiKodlari2\"
	EndProjectSection
EndProject
Global
	GlobalSection(SolutionConfigurationPlatforms) = preSolution
		Debug|Any CPU = Debug|Any CPU
	EndGlobalSection
	GlobalSection(ProjectConfigurationPlatforms) = postSolution
		{102569BA-5448-423E-B223-F0B5EBFB8808}.Debug|Any CPU.ActiveCfg = Debug|Any CPU
		{102569BA-5448-423E-B223-F0B5EBFB8808}.Debug|Any CPU.Build.0 = Debug|Any CPU
	EndGlobalSection
	GlobalSection(SolutionProperties) = preSolution
		HideSolutionNode = FALSE
	EndGlobalSection
	GlobalSection(ExtensibilityGlobals) = postSolution
		SolutionGuid = {A73773BA-6AAD-408F-8A6D-023F9A711223}
	EndGlobalSection
EndGlobal
